
Microsoft Visual Studio Solution File, Format Version 12.00
# Visual Studio Version 16
VisualStudioVersion = 16.0.31911.196
MinimumVisualStudioVersion = 10.0.40219.1
Project("{9A19103F-16F7-4668-BE54-9A1E7A4F7556}") = "Bloc de Notas", "Bloc de Notas\Bloc de Notas.csproj", "{217BB6F9-2C1D-4137-B771-A849CE5BF831}"
EndProject
Project("{FAE04EC0-301F-11D3-BF4B-00C04F79EFBC}") = "BlocDomain", "BlocDomain\BlocDomain.csproj", "{BD560C24-C463-4B6F-A8A5-E426EE6E612B}"
EndProject
Project("{FAE04EC0-301F-11D3-BF4B-00C04F79EFBC}") = "BlocInfraestructure", "BlocInfraestructure\BlocInfraestructure.csproj", "{8DD9AB39-31A9-4CD4-B11A-A20572477078}"
EndProject
Project("{FAE04EC0-301F-11D3-BF4B-00C04F79EFBC}") = "BlocAppCore", "BlocAppCore\BlocAppCore.csproj", "{0E05C151-9421-4A8E-8E17-DC0C3E65BE13}"
EndProject
Global
	GlobalSection(SolutionConfigurationPlatforms) = preSolution
		Debug|Any CPU = Debug|Any CPU
		Release|Any CPU = Release|Any CPU
	EndGlobalSection
	GlobalSection(ProjectConfigurationPlatforms) = postSolution
		{217BB6F9-2C1D-4137-B771-A849CE5BF831}.Debug|Any CPU.ActiveCfg = Debug|Any CPU
		{217BB6F9-2C1D-4137-B771-A849CE5BF831}.Debug|Any CPU.Build.0 = Debug|Any CPU
		{217BB6F9-2C1D-4137-B771-A849CE5BF831}.Release|Any CPU.ActiveCfg = Release|Any CPU
		{217BB6F9-2C1D-4137-B771-A849CE5BF831}.Release|Any CPU.Build.0 = Release|Any CPU
		{BD560C24-C463-4B6F-A8A5-E426EE6E612B}.Debug|Any CPU.ActiveCfg = Debug|Any CPU
		{BD560C24-C463-4B6F-A8A5-E426EE6E612B}.Debug|Any CPU.Build.0 = Debug|Any CPU
		{BD560C24-C463-4B6F-A8A5-E426EE6E612B}.Release|Any CPU.ActiveCfg = Release|Any CPU
		{BD560C24-C463-4B6F-A8A5-E426EE6E612B}.Release|Any CPU.Build.0 = Release|Any CPU
		{8DD9AB39-31A9-4CD4-B11A-A20572477078}.Debug|Any CPU.ActiveCfg = Debug|Any CPU
		{8DD9AB39-31A9-4CD4-B11A-A20572477078}.Debug|Any CPU.Build.0 = Debug|Any CPU
		{8DD9AB39-31A9-4CD4-B11A-A20572477078}.Release|Any CPU.ActiveCfg = Release|Any CPU
		{8DD9AB39-31A9-4CD4-B11A-A20572477078}.Release|Any CPU.Build.0 = Release|Any CPU
		{0E05C151-9421-4A8E-8E17-DC0C3E65BE13}.Debug|Any CPU.ActiveCfg = Debug|Any CPU
		{0E05C151-9421-4A8E-8E17-DC0C3E65BE13}.Debug|Any CPU.Build.0 = Debug|Any CPU
		{0E05C151-9421-4A8E-8E17-DC0C3E65BE13}.Release|Any CPU.ActiveCfg = Release|Any CPU
		{0E05C151-9421-4A8E-8E17-DC0C3E65BE13}.Release|Any CPU.Build.0 = Release|Any CPU
	EndGlobalSection
	GlobalSection(SolutionProperties) = preSolution
		HideSolutionNode = FALSE
	EndGlobalSection
	GlobalSection(ExtensibilityGlobals) = postSolution
		SolutionGuid = {0B5DD477-EE6D-405B-9037-83F56791FB0B}
	EndGlobalSection
EndGlobal
